// !$*UTF8*$!
{
	archiveVersion = 1;
	classes = {
	};
	objectVersion = 55;
	objects = {

/* Begin PBXBuildFile section */
		D3905ABD2816197C00D52809 /* AppDelegate.swift in Sources */ = {isa = PBXBuildFile; fileRef = D3905ABC2816197C00D52809 /* AppDelegate.swift */; };
		D3905ABF2816197C00D52809 /* SceneDelegate.swift in Sources */ = {isa = PBXBuildFile; fileRef = D3905ABE2816197C00D52809 /* SceneDelegate.swift */; };
		D3905AC42816197C00D52809 /* Main.storyboard in Resources */ = {isa = PBXBuildFile; fileRef = D3905AC22816197C00D52809 /* Main.storyboard */; };
		D3905AC62816197D00D52809 /* Assets.xcassets in Resources */ = {isa = PBXBuildFile; fileRef = D3905AC52816197D00D52809 /* Assets.xcassets */; };
		D3905AC92816197D00D52809 /* LaunchScreen.storyboard in Resources */ = {isa = PBXBuildFile; fileRef = D3905AC72816197D00D52809 /* LaunchScreen.storyboard */; };
		D3905AD6281619AC00D52809 /* DataManager.swift in Sources */ = {isa = PBXBuildFile; fileRef = D3905AD5281619AC00D52809 /* DataManager.swift */; };
		D3905AD8281619B600D52809 /* StorageManager.swift in Sources */ = {isa = PBXBuildFile; fileRef = D3905AD7281619B600D52809 /* StorageManager.swift */; };
		D3905ADA281619C200D52809 /* TaskList.swift in Sources */ = {isa = PBXBuildFile; fileRef = D3905AD9281619C200D52809 /* TaskList.swift */; };
		D3905ADD281619E700D52809 /* TaskListViewController.swift in Sources */ = {isa = PBXBuildFile; fileRef = D3905ADC281619E700D52809 /* TaskListViewController.swift */; };
		D3905ADF281619F600D52809 /* TasksViewViewController.swift in Sources */ = {isa = PBXBuildFile; fileRef = D3905ADE281619F600D52809 /* TasksViewViewController.swift */; };
		D3905AE228161A7E00D52809 /* Realm in Frameworks */ = {isa = PBXBuildFile; productRef = D3905AE128161A7E00D52809 /* Realm */; };
		D3905AE428161A7E00D52809 /* RealmSwift in Frameworks */ = {isa = PBXBuildFile; productRef = D3905AE328161A7E00D52809 /* RealmSwift */; };
		D3905AE628161ABB00D52809 /* AlertController.swift in Sources */ = {isa = PBXBuildFile; fileRef = D3905AE528161ABB00D52809 /* AlertController.swift */; };
/* End PBXBuildFile section */

/* Begin PBXFileReference section */
		D3905AB92816197C00D52809 /* RealmApp.app */ = {isa = PBXFileReference; explicitFileType = wrapper.application; includeInIndex = 0; path = RealmApp.app; sourceTree = BUILT_PRODUCTS_DIR; };
		D3905ABC2816197C00D52809 /* AppDelegate.swift */ = {isa = PBXFileReference; lastKnownFileType = sourcecode.swift; path = AppDelegate.swift; sourceTree = "<group>"; };
		D3905ABE2816197C00D52809 /* SceneDelegate.swift */ = {isa = PBXFileReference; lastKnownFileType = sourcecode.swift; path = SceneDelegate.swift; sourceTree = "<group>"; };
		D3905AC32816197C00D52809 /* Base */ = {isa = PBXFileReference; lastKnownFileType = file.storyboard; name = Base; path = Base.lproj/Main.storyboard; sourceTree = "<group>"; };
		D3905AC52816197D00D52809 /* Assets.xcassets */ = {isa = PBXFileReference; lastKnownFileType = folder.assetcatalog; path = Assets.xcassets; sourceTree = "<group>"; };
		D3905AC82816197D00D52809 /* Base */ = {isa = PBXFileReference; lastKnownFileType = file.storyboard; name = Base; path = Base.lproj/LaunchScreen.storyboard; sourceTree = "<group>"; };
		D3905ACA2816197D00D52809 /* Info.plist */ = {isa = PBXFileReference; lastKnownFileType = text.plist.xml; path = Info.plist; sourceTree = "<group>"; };
		D3905AD5281619AC00D52809 /* DataManager.swift */ = {isa = PBXFileReference; lastKnownFileType = sourcecode.swift; path = DataManager.swift; sourceTree = "<group>"; };
		D3905AD7281619B600D52809 /* StorageManager.swift */ = {isa = PBXFileReference; lastKnownFileType = sourcecode.swift; path = StorageManager.swift; sourceTree = "<group>"; };
		D3905AD9281619C200D52809 /* TaskList.swift */ = {isa = PBXFileReference; lastKnownFileType = sourcecode.swift; path = TaskList.swift; sourceTree = "<group>"; };
		D3905ADC281619E700D52809 /* TaskListViewController.swift */ = {isa = PBXFileReference; lastKnownFileType = sourcecode.swift; path = TaskListViewController.swift; sourceTree = "<group>"; };
		D3905ADE281619F600D52809 /* TasksViewViewController.swift */ = {isa = PBXFileReference; lastKnownFileType = sourcecode.swift; path = TasksViewViewController.swift; sourceTree = "<group>"; };
		D3905AE528161ABB00D52809 /* AlertController.swift */ = {isa = PBXFileReference; lastKnownFileType = sourcecode.swift; path = AlertController.swift; sourceTree = "<group>"; };
/* End PBXFileReference section */

/* Begin PBXFrameworksBuildPhase section */
		D3905AB62816197C00D52809 /* Frameworks */ = {
			isa = PBXFrameworksBuildPhase;
			buildActionMask = 2147483647;
			files = (
				D3905AE428161A7E00D52809 /* RealmSwift in Frameworks */,
				D3905AE228161A7E00D52809 /* Realm in Frameworks */,
			);
			runOnlyForDeploymentPostprocessing = 0;
		};
/* End PBXFrameworksBuildPhase section */

/* Begin PBXGroup section */
		D3905AB02816197C00D52809 = {
			isa = PBXGroup;
			children = (
				D3905ABB2816197C00D52809 /* RealmApp */,
				D3905ABA2816197C00D52809 /* Products */,
			);
			sourceTree = "<group>";
		};
		D3905ABA2816197C00D52809 /* Products */ = {
			isa = PBXGroup;
			children = (
				D3905AB92816197C00D52809 /* RealmApp.app */,
			);
			name = Products;
			sourceTree = "<group>";
		};
		D3905ABB2816197C00D52809 /* RealmApp */ = {
			isa = PBXGroup;
			children = (
				D3905ADB281619D000D52809 /* ViewControllers */,
				D3905AD42816199D00D52809 /* Services */,
				D3905AD32816199A00D52809 /* Models */,
				D3905AD02816198300D52809 /* App */,
				D3905AD12816198D00D52809 /* Storyboards */,
				D3905AD22816199300D52809 /* Resources */,
			);
			path = RealmApp;
			sourceTree = "<group>";
		};
		D3905AD02816198300D52809 /* App */ = {
			isa = PBXGroup;
			children = (
				D3905ABC2816197C00D52809 /* AppDelegate.swift */,
				D3905ABE2816197C00D52809 /* SceneDelegate.swift */,
				D3905ACA2816197D00D52809 /* Info.plist */,
			);
			path = App;
			sourceTree = "<group>";
		};
		D3905AD12816198D00D52809 /* Storyboards */ = {
			isa = PBXGroup;
			children = (
				D3905AC22816197C00D52809 /* Main.storyboard */,
				D3905AC72816197D00D52809 /* LaunchScreen.storyboard */,
			);
			path = Storyboards;
			sourceTree = "<group>";
		};
		D3905AD22816199300D52809 /* Resources */ = {
			isa = PBXGroup;
			children = (
				D3905AC52816197D00D52809 /* Assets.xcassets */,
			);
			path = Resources;
			sourceTree = "<group>";
		};
		D3905AD32816199A00D52809 /* Models */ = {
			isa = PBXGroup;
			children = (
				D3905AD9281619C200D52809 /* TaskList.swift */,
			);
			path = Models;
			sourceTree = "<group>";
		};
		D3905AD42816199D00D52809 /* Services */ = {
			isa = PBXGroup;
			children = (
				D3905AD5281619AC00D52809 /* DataManager.swift */,
				D3905AD7281619B600D52809 /* StorageManager.swift */,
			);
			path = Services;
			sourceTree = "<group>";
		};
		D3905ADB281619D000D52809 /* ViewControllers */ = {
			isa = PBXGroup;
			children = (
				D3905ADC281619E700D52809 /* TaskListViewController.swift */,
				D3905ADE281619F600D52809 /* TasksViewViewController.swift */,
				D3905AE528161ABB00D52809 /* AlertController.swift */,
			);
			path = ViewControllers;
			sourceTree = "<group>";
		};
/* End PBXGroup section */

/* Begin PBXNativeTarget section */
		D3905AB82816197C00D52809 /* RealmApp */ = {
			isa = PBXNativeTarget;
			buildConfigurationList = D3905ACD2816197D00D52809 /* Build configuration list for PBXNativeTarget "RealmApp" */;
			buildPhases = (
				D3905AB52816197C00D52809 /* Sources */,
				D3905AB62816197C00D52809 /* Frameworks */,
				D3905AB72816197C00D52809 /* Resources */,
			);
			buildRules = (
			);
			dependencies = (
			);
			name = RealmApp;
			packageProductDependencies = (
				D3905AE128161A7E00D52809 /* Realm */,
				D3905AE328161A7E00D52809 /* RealmSwift */,
			);
			productName = RealmApp;
			productReference = D3905AB92816197C00D52809 /* RealmApp.app */;
			productType = "com.apple.product-type.application";
		};
/* End PBXNativeTarget section */

/* Begin PBXProject section */
		D3905AB12816197C00D52809 /* Project object */ = {
			isa = PBXProject;
			attributes = {
				BuildIndependentTargetsInParallel = 1;
				LastSwiftUpdateCheck = 1330;
				LastUpgradeCheck = 1330;
				TargetAttributes = {
					D3905AB82816197C00D52809 = {
						CreatedOnToolsVersion = 13.3;
					};
				};
			};
			buildConfigurationList = D3905AB42816197C00D52809 /* Build configuration list for PBXProject "RealmApp" */;
			compatibilityVersion = "Xcode 13.0";
			developmentRegion = en;
			hasScannedForEncodings = 0;
			knownRegions = (
				en,
				Base,
			);
			mainGroup = D3905AB02816197C00D52809;
			packageReferences = (
				D3905AE028161A7E00D52809 /* XCRemoteSwiftPackageReference "realm-swift" */,
			);
			productRefGroup = D3905ABA2816197C00D52809 /* Products */;
			projectDirPath = "";
			projectRoot = "";
			targets = (
				D3905AB82816197C00D52809 /* RealmApp */,
			);
		};
/* End PBXProject section */

/* Begin PBXResourcesBuildPhase section */
		D3905AB72816197C00D52809 /* Resources */ = {
			isa = PBXResourcesBuildPhase;
			buildActionMask = 2147483647;
			files = (
				D3905AC92816197D00D52809 /* LaunchScreen.storyboard in Resources */,
				D3905AC62816197D00D52809 /* Assets.xcassets in Resources */,
				D3905AC42816197C00D52809 /* Main.storyboard in Resources */,
			);
			runOnlyForDeploymentPostprocessing = 0;
		};
/* End PBXResourcesBuildPhase section */

/* Begin PBXSourcesBuildPhase section */
		D3905AB52816197C00D52809 /* Sources */ = {
			isa = PBXSourcesBuildPhase;
			buildActionMask = 2147483647;
			files = (
				D3905ABD2816197C00D52809 /* AppDelegate.swift in Sources */,
				D3905ADA281619C200D52809 /* TaskList.swift in Sources */,
				D3905AD6281619AC00D52809 /* DataManager.swift in Sources */,
				D3905ABF2816197C00D52809 /* SceneDelegate.swift in Sources */,
				D3905AE628161ABB00D52809 /* AlertController.swift in Sources */,
				D3905ADF281619F600D52809 /* TasksViewViewController.swift in Sources */,
				D3905AD8281619B600D52809 /* StorageManager.swift in Sources */,
				D3905ADD281619E700D52809 /* TaskListViewController.swift in Sources */,
			);
			runOnlyForDeploymentPostprocessing = 0;
		};
/* End PBXSourcesBuildPhase section */

/* Begin PBXVariantGroup section */
		D3905AC22816197C00D52809 /* Main.storyboard */ = {
			isa = PBXVariantGroup;
			children = (
				D3905AC32816197C00D52809 /* Base */,
			);
			name = Main.storyboard;
			sourceTree = "<group>";
		};
		D3905AC72816197D00D52809 /* LaunchScreen.storyboard */ = {
			isa = PBXVariantGroup;
			children = (
				D3905AC82816197D00D52809 /* Base */,
			);
			name = LaunchScreen.storyboard;
			sourceTree = "<group>";
		};
/* End PBXVariantGroup section */

/* Begin XCBuildConfiguration section */
		D3905ACB2816197D00D52809 /* Debug */ = {
			isa = XCBuildConfiguration;
			buildSettings = {
				ALWAYS_SEARCH_USER_PATHS = NO;
				CLANG_ANALYZER_NONNULL = YES;
				CLANG_ANALYZER_NUMBER_OBJECT_CONVERSION = YES_AGGRESSIVE;
				CLANG_CXX_LANGUAGE_STANDARD = "gnu++17";
				CLANG_ENABLE_MODULES = YES;
				CLANG_ENABLE_OBJC_ARC = YES;
				CLANG_ENABLE_OBJC_WEAK = YES;
				CLANG_WARN_BLOCK_CAPTURE_AUTORELEASING = YES;
				CLANG_WARN_BOOL_CONVERSION = YES;
				CLANG_WARN_COMMA = YES;
				CLANG_WARN_CONSTANT_CONVERSION = YES;
				CLANG_WARN_DEPRECATED_OBJC_IMPLEMENTATIONS = YES;
				CLANG_WARN_DIRECT_OBJC_ISA_USAGE = YES_ERROR;
				CLANG_WARN_DOCUMENTATION_COMMENTS = YES;
				CLANG_WARN_EMPTY_BODY = YES;
				CLANG_WARN_ENUM_CONVERSION = YES;
				CLANG_WARN_INFINITE_RECURSION = YES;
				CLANG_WARN_INT_CONVERSION = YES;
				CLANG_WARN_NON_LITERAL_NULL_CONVERSION = YES;
				CLANG_WARN_OBJC_IMPLICIT_RETAIN_SELF = YES;
				CLANG_WARN_OBJC_LITERAL_CONVERSION = YES;
				CLANG_WARN_OBJC_ROOT_CLASS = YES_ERROR;
				CLANG_WARN_QUOTED_INCLUDE_IN_FRAMEWORK_HEADER = YES;
				CLANG_WARN_RANGE_LOOP_ANALYSIS = YES;
				CLANG_WARN_STRICT_PROTOTYPES = YES;
				CLANG_WARN_SUSPICIOUS_MOVE = YES;
				CLANG_WARN_UNGUARDED_AVAILABILITY = YES_AGGRESSIVE;
				CLANG_WARN_UNREACHABLE_CODE = YES;
				CLANG_WARN__DUPLICATE_METHOD_MATCH = YES;
				COPY_PHASE_STRIP = NO;
				DEBUG_INFORMATION_FORMAT = dwarf;
				ENABLE_STRICT_OBJC_MSGSEND = YES;
				ENABLE_TESTABILITY = YES;
				GCC_C_LANGUAGE_STANDARD = gnu11;
				GCC_DYNAMIC_NO_PIC = NO;
				GCC_NO_COMMON_BLOCKS = YES;
				GCC_OPTIMIZATION_LEVEL = 0;
				GCC_PREPROCESSOR_DEFINITIONS = (
					"DEBUG=1",
					"$(inherited)",
				);
				GCC_WARN_64_TO_32_BIT_CONVERSION = YES;
				GCC_WARN_ABOUT_RETURN_TYPE = YES_ERROR;
				GCC_WARN_UNDECLARED_SELECTOR = YES;
				GCC_WARN_UNINITIALIZED_AUTOS = YES_AGGRESSIVE;
				GCC_WARN_UNUSED_FUNCTION = YES;
				GCC_WARN_UNUSED_VARIABLE = YES;
				IPHONEOS_DEPLOYMENT_TARGET = 15.4;
				MTL_ENABLE_DEBUG_INFO = INCLUDE_SOURCE;
				MTL_FAST_MATH = YES;
				ONLY_ACTIVE_ARCH = YES;
				SDKROOT = iphoneos;
				SWIFT_ACTIVE_COMPILATION_CONDITIONS = DEBUG;
				SWIFT_OPTIMIZATION_LEVEL = "-Onone";
			};
			name = Debug;
		};
		D3905ACC2816197D00D52809 /* Release */ = {
			isa = XCBuildConfiguration;
			buildSettings = {
				ALWAYS_SEARCH_USER_PATHS = NO;
				CLANG_ANALYZER_NONNULL = YES;
				CLANG_ANALYZER_NUMBER_OBJECT_CONVERSION = YES_AGGRESSIVE;
				CLANG_CXX_LANGUAGE_STANDARD = "gnu++17";
				CLANG_ENABLE_MODULES = YES;
				CLANG_ENABLE_OBJC_ARC = YES;
				CLANG_ENABLE_OBJC_WEAK = YES;
				CLANG_WARN_BLOCK_CAPTURE_AUTORELEASING = YES;
				CLANG_WARN_BOOL_CONVERSION = YES;
				CLANG_WARN_COMMA = YES;
				CLANG_WARN_CONSTANT_CONVERSION = YES;
				CLANG_WARN_DEPRECATED_OBJC_IMPLEMENTATIONS = YES;
				CLANG_WARN_DIRECT_OBJC_ISA_USAGE = YES_ERROR;
				CLANG_WARN_DOCUMENTATION_COMMENTS = YES;
				CLANG_WARN_EMPTY_BODY = YES;
				CLANG_WARN_ENUM_CONVERSION = YES;
				CLANG_WARN_INFINITE_RECURSION = YES;
				CLANG_WARN_INT_CONVERSION = YES;
				CLANG_WARN_NON_LITERAL_NULL_CONVERSION = YES;
				CLANG_WARN_OBJC_IMPLICIT_RETAIN_SELF = YES;
				CLANG_WARN_OBJC_LITERAL_CONVERSION = YES;
				CLANG_WARN_OBJC_ROOT_CLASS = YES_ERROR;
				CLANG_WARN_QUOTED_INCLUDE_IN_FRAMEWORK_HEADER = YES;
				CLANG_WARN_RANGE_LOOP_ANALYSIS = YES;
				CLANG_WARN_STRICT_PROTOTYPES = YES;
				CLANG_WARN_SUSPICIOUS_MOVE = YES;
				CLANG_WARN_UNGUARDED_AVAILABILITY = YES_AGGRESSIVE;
				CLANG_WARN_UNREACHABLE_CODE = YES;
				CLANG_WARN__DUPLICATE_METHOD_MATCH = YES;
				COPY_PHASE_STRIP = NO;
				DEBUG_INFORMATION_FORMAT = "dwarf-with-dsym";
				ENABLE_NS_ASSERTIONS = NO;
				ENABLE_STRICT_OBJC_MSGSEND = YES;
				GCC_C_LANGUAGE_STANDARD = gnu11;
				GCC_NO_COMMON_BLOCKS = YES;
				GCC_WARN_64_TO_32_BIT_CONVERSION = YES;
				GCC_WARN_ABOUT_RETURN_TYPE = YES_ERROR;
				GCC_WARN_UNDECLARED_SELECTOR = YES;
				GCC_WARN_UNINITIALIZED_AUTOS = YES_AGGRESSIVE;
				GCC_WARN_UNUSED_FUNCTION = YES;
				GCC_WARN_UNUSED_VARIABLE = YES;
				IPHONEOS_DEPLOYMENT_TARGET = 15.4;
				MTL_ENABLE_DEBUG_INFO = NO;
				MTL_FAST_MATH = YES;
				SDKROOT = iphoneos;
				SWIFT_COMPILATION_MODE = wholemodule;
				SWIFT_OPTIMIZATION_LEVEL = "-O";
				VALIDATE_PRODUCT = YES;
			};
			name = Release;
		};
		D3905ACE2816197D00D52809 /* Debug */ = {
			isa = XCBuildConfiguration;
			buildSettings = {
				ASSETCATALOG_COMPILER_APPICON_NAME = AppIcon;
				ASSETCATALOG_COMPILER_GLOBAL_ACCENT_COLOR_NAME = AccentColor;
				CODE_SIGN_STYLE = Automatic;
				CURRENT_PROJECT_VERSION = 1;
				DEVELOPMENT_TEAM = S975MC8VZ3;
				GENERATE_INFOPLIST_FILE = YES;
				INFOPLIST_FILE = RealmApp/App/Info.plist;
				INFOPLIST_KEY_UIApplicationSupportsIndirectInputEvents = YES;
				INFOPLIST_KEY_UILaunchStoryboardName = LaunchScreen;
				INFOPLIST_KEY_UIMainStoryboardFile = Main;
				INFOPLIST_KEY_UISupportedInterfaceOrientations = UIInterfaceOrientationPortrait;
				INFOPLIST_KEY_UISupportedInterfaceOrientations_iPad = "UIInterfaceOrientationPortrait UIInterfaceOrientationPortraitUpsideDown UIInterfaceOrientationLandscapeLeft UIInterfaceOrientationLandscapeRight";
				INFOPLIST_KEY_UISupportedInterfaceOrientations_iPhone = "UIInterfaceOrientationPortrait UIInterfaceOrientationLandscapeLeft UIInterfaceOrientationLandscapeRight";
				LD_RUNPATH_SEARCH_PATHS = (
					"$(inherited)",
					"@executable_path/Frameworks",
				);
				MARKETING_VERSION = 1.0;
				PRODUCT_BUNDLE_IDENTIFIER = "ru.Aleksandra-Moiseenko.RealmApp";
				PRODUCT_NAME = "$(TARGET_NAME)";
				SWIFT_EMIT_LOC_STRINGS = YES;
				SWIFT_VERSION = 5.0;
				TARGETED_DEVICE_FAMILY = 1;
			};
			name = Debug;
		};
		D3905ACF2816197D00D52809 /* Release */ = {
			isa = XCBuildConfiguration;
			buildSettings = {
				ASSETCATALOG_COMPILER_APPICON_NAME = AppIcon;
				ASSETCATALOG_COMPILER_GLOBAL_ACCENT_COLOR_NAME = AccentColor;
				CODE_SIGN_STYLE = Automatic;
				CURRENT_PROJECT_VERSION = 1;
				DEVELOPMENT_TEAM = S975MC8VZ3;
				GENERATE_INFOPLIST_FILE = YES;
				INFOPLIST_FILE = RealmApp/App/Info.plist;
				INFOPLIST_KEY_UIApplicationSupportsIndirectInputEvents = YES;
				INFOPLIST_KEY_UILaunchStoryboardName = LaunchScreen;
				INFOPLIST_KEY_UIMainStoryboardFile = Main;
				INFOPLIST_KEY_UISupportedInterfaceOrientations = UIInterfaceOrientationPortrait;
				INFOPLIST_KEY_UISupportedInterfaceOrientations_iPad = "UIInterfaceOrientationPortrait UIInterfaceOrientationPortraitUpsideDown UIInterfaceOrientationLandscapeLeft UIInterfaceOrientationLandscapeRight";
				INFOPLIST_KEY_UISupportedInterfaceOrientations_iPhone = "UIInterfaceOrientationPortrait UIInterfaceOrientationLandscapeLeft UIInterfaceOrientationLandscapeRight";
				LD_RUNPATH_SEARCH_PATHS = (
					"$(inherited)",
					"@executable_path/Frameworks",
				);
				MARKETING_VERSION = 1.0;
				PRODUCT_BUNDLE_IDENTIFIER = "ru.Aleksandra-Moiseenko.RealmApp";
				PRODUCT_NAME = "$(TARGET_NAME)";
				SWIFT_EMIT_LOC_STRINGS = YES;
				SWIFT_VERSION = 5.0;
				TARGETED_DEVICE_FAMILY = 1;
			};
			name = Release;
		};
/* End XCBuildConfiguration section */

/* Begin XCConfigurationList section */
		D3905AB42816197C00D52809 /* Build configuration list for PBXProject "RealmApp" */ = {
			isa = XCConfigurationList;
			buildConfigurations = (
				D3905ACB2816197D00D52809 /* Debug */,
				D3905ACC2816197D00D52809 /* Release */,
			);
			defaultConfigurationIsVisible = 0;
			defaultConfigurationName = Release;
		};
		D3905ACD2816197D00D52809 /* Build configuration list for PBXNativeTarget "RealmApp" */ = {
			isa = XCConfigurationList;
			buildConfigurations = (
				D3905ACE2816197D00D52809 /* Debug */,
				D3905ACF2816197D00D52809 /* Release */,
			);
			defaultConfigurationIsVisible = 0;
			defaultConfigurationName = Release;
		};
/* End XCConfigurationList section */

/* Begin XCRemoteSwiftPackageReference section */
		D3905AE028161A7E00D52809 /* XCRemoteSwiftPackageReference "realm-swift" */ = {
			isa = XCRemoteSwiftPackageReference;
			repositoryURL = "https://github.com/realm/realm-swift.git";
			requirement = {
				branch = master;
				kind = branch;
			};
		};
/* End XCRemoteSwiftPackageReference section */

/* Begin XCSwiftPackageProductDependency section */
		D3905AE128161A7E00D52809 /* Realm */ = {
			isa = XCSwiftPackageProductDependency;
			package = D3905AE028161A7E00D52809 /* XCRemoteSwiftPackageReference "realm-swift" */;
			productName = Realm;
		};
		D3905AE328161A7E00D52809 /* RealmSwift */ = {
			isa = XCSwiftPackageProductDependency;
			package = D3905AE028161A7E00D52809 /* XCRemoteSwiftPackageReference "realm-swift" */;
			productName = RealmSwift;
		};
/* End XCSwiftPackageProductDependency section */
	};
	rootObject = D3905AB12816197C00D52809 /* Project object */;
}
